// !$*UTF8*$!
{
	archiveVersion = 1;
	classes = {
	};
	objectVersion = 46;
	objects = {

/* Begin PBXBuildFile section */
		8C4F3A39ADD7957220A1F56B /* Pods.framework in Frameworks */ = {isa = PBXBuildFile; fileRef = 29ACA8FC00B1B4A1EAFD6852 /* Pods.framework */; settings = {ATTRIBUTES = (Weak, ); }; };
		E61858AE1B79035200EF0B58 /* AttributedStyle.swift in Sources */ = {isa = PBXBuildFile; fileRef = E61858AD1B79035200EF0B58 /* AttributedStyle.swift */; };
		E61858B01B7904BC00EF0B58 /* ForeGroundColorStyle.swift in Sources */ = {isa = PBXBuildFile; fileRef = E61858AF1B7904BC00EF0B58 /* ForeGroundColorStyle.swift */; };
		E61858B21B79061300EF0B58 /* FontStyle.swift in Sources */ = {isa = PBXBuildFile; fileRef = E61858B11B79061300EF0B58 /* FontStyle.swift */; };
		E61858B41B7906BA00EF0B58 /* String+AttributeStyle.swift in Sources */ = {isa = PBXBuildFile; fileRef = E61858B31B7906BA00EF0B58 /* String+AttributeStyle.swift */; };
		E662CD9E1B7778D8008DA50C /* AppDelegate.swift in Sources */ = {isa = PBXBuildFile; fileRef = E662CD9D1B7778D8008DA50C /* AppDelegate.swift */; };
		E662CDA01B7778D8008DA50C /* ViewController.swift in Sources */ = {isa = PBXBuildFile; fileRef = E662CD9F1B7778D8008DA50C /* ViewController.swift */; };
		E662CDA31B7778D8008DA50C /* Main.storyboard in Resources */ = {isa = PBXBuildFile; fileRef = E662CDA11B7778D8008DA50C /* Main.storyboard */; };
		E662CDA51B7778D8008DA50C /* Images.xcassets in Resources */ = {isa = PBXBuildFile; fileRef = E662CDA41B7778D8008DA50C /* Images.xcassets */; };
		E662CDA81B7778D8008DA50C /* LaunchScreen.xib in Resources */ = {isa = PBXBuildFile; fileRef = E662CDA61B7778D8008DA50C /* LaunchScreen.xib */; };
		E662CDB41B7778D8008DA50C /* example03Tests.swift in Sources */ = {isa = PBXBuildFile; fileRef = E662CDB31B7778D8008DA50C /* example03Tests.swift */; };
		E6AA15011B7992A6009BA573 /* String+GONMarkupDemo.swift in Sources */ = {isa = PBXBuildFile; fileRef = E6AA15001B7992A6009BA573 /* String+GONMarkupDemo.swift */; };
/* End PBXBuildFile section */

/* Begin PBXContainerItemProxy section */
		E662CDAE1B7778D8008DA50C /* PBXContainerItemProxy */ = {
			isa = PBXContainerItemProxy;
			containerPortal = E662CD901B7778D8008DA50C /* Project object */;
			proxyType = 1;
			remoteGlobalIDString = E662CD971B7778D8008DA50C;
			remoteInfo = example03;
		};
/* End PBXContainerItemProxy section */

/* Begin PBXFileReference section */
		29ACA8FC00B1B4A1EAFD6852 /* Pods.framework */ = {isa = PBXFileReference; explicitFileType = wrapper.framework; includeInIndex = 0; path = Pods.framework; sourceTree = BUILT_PRODUCTS_DIR; };
		CB9239EBFC6CD447E573F255 /* Pods.debug.xcconfig */ = {isa = PBXFileReference; includeInIndex = 1; lastKnownFileType = text.xcconfig; name = Pods.debug.xcconfig; path = "Pods/Target Support Files/Pods/Pods.debug.xcconfig"; sourceTree = "<group>"; };
		E61858AD1B79035200EF0B58 /* AttributedStyle.swift */ = {isa = PBXFileReference; fileEncoding = 4; lastKnownFileType = sourcecode.swift; path = AttributedStyle.swift; sourceTree = "<group>"; };
		E61858AF1B7904BC00EF0B58 /* ForeGroundColorStyle.swift */ = {isa = PBXFileReference; fileEncoding = 4; lastKnownFileType = sourcecode.swift; path = ForeGroundColorStyle.swift; sourceTree = "<group>"; };
		E61858B11B79061300EF0B58 /* FontStyle.swift */ = {isa = PBXFileReference; fileEncoding = 4; lastKnownFileType = sourcecode.swift; path = FontStyle.swift; sourceTree = "<group>"; };
		E61858B31B7906BA00EF0B58 /* String+AttributeStyle.swift */ = {isa = PBXFileReference; fileEncoding = 4; lastKnownFileType = sourcecode.swift; path = "String+AttributeStyle.swift"; sourceTree = "<group>"; };
		E662CD981B7778D8008DA50C /* example03.app */ = {isa = PBXFileReference; explicitFileType = wrapper.application; includeInIndex = 0; path = example03.app; sourceTree = BUILT_PRODUCTS_DIR; };
		E662CD9C1B7778D8008DA50C /* Info.plist */ = {isa = PBXFileReference; lastKnownFileType = text.plist.xml; path = Info.plist; sourceTree = "<group>"; };
		E662CD9D1B7778D8008DA50C /* AppDelegate.swift */ = {isa = PBXFileReference; lastKnownFileType = sourcecode.swift; path = AppDelegate.swift; sourceTree = "<group>"; };
		E662CD9F1B7778D8008DA50C /* ViewController.swift */ = {isa = PBXFileReference; lastKnownFileType = sourcecode.swift; path = ViewController.swift; sourceTree = "<group>"; };
		E662CDA21B7778D8008DA50C /* Base */ = {isa = PBXFileReference; lastKnownFileType = file.storyboard; name = Base; path = Base.lproj/Main.storyboard; sourceTree = "<group>"; };
		E662CDA41B7778D8008DA50C /* Images.xcassets */ = {isa = PBXFileReference; lastKnownFileType = folder.assetcatalog; path = Images.xcassets; sourceTree = "<group>"; };
		E662CDA71B7778D8008DA50C /* Base */ = {isa = PBXFileReference; lastKnownFileType = file.xib; name = Base; path = Base.lproj/LaunchScreen.xib; sourceTree = "<group>"; };
		E662CDAD1B7778D8008DA50C /* example03Tests.xctest */ = {isa = PBXFileReference; explicitFileType = wrapper.cfbundle; includeInIndex = 0; path = example03Tests.xctest; sourceTree = BUILT_PRODUCTS_DIR; };
		E662CDB21B7778D8008DA50C /* Info.plist */ = {isa = PBXFileReference; lastKnownFileType = text.plist.xml; path = Info.plist; sourceTree = "<group>"; };
		E662CDB31B7778D8008DA50C /* example03Tests.swift */ = {isa = PBXFileReference; lastKnownFileType = sourcecode.swift; path = example03Tests.swift; sourceTree = "<group>"; };
		E6AA14FC1B7991EE009BA573 /* example03-Bridging-Header.h */ = {isa = PBXFileReference; lastKnownFileType = sourcecode.c.h; path = "example03-Bridging-Header.h"; sourceTree = "<group>"; };
		E6AA15001B7992A6009BA573 /* String+GONMarkupDemo.swift */ = {isa = PBXFileReference; fileEncoding = 4; lastKnownFileType = sourcecode.swift; path = "String+GONMarkupDemo.swift"; sourceTree = "<group>"; };
		E9FADCC1DE3090A4DE80B2BA /* Pods.release.xcconfig */ = {isa = PBXFileReference; includeInIndex = 1; lastKnownFileType = text.xcconfig; name = Pods.release.xcconfig; path = "Pods/Target Support Files/Pods/Pods.release.xcconfig"; sourceTree = "<group>"; };
/* End PBXFileReference section */

/* Begin PBXFrameworksBuildPhase section */
		E662CD951B7778D8008DA50C /* Frameworks */ = {
			isa = PBXFrameworksBuildPhase;
			buildActionMask = 2147483647;
			files = (
				8C4F3A39ADD7957220A1F56B /* Pods.framework in Frameworks */,
			);
			runOnlyForDeploymentPostprocessing = 0;
		};
		E662CDAA1B7778D8008DA50C /* Frameworks */ = {
			isa = PBXFrameworksBuildPhase;
			buildActionMask = 2147483647;
			files = (
			);
			runOnlyForDeploymentPostprocessing = 0;
		};
/* End PBXFrameworksBuildPhase section */

/* Begin PBXGroup section */
		218E4667487B480769225C63 /* Pods */ = {
			isa = PBXGroup;
			children = (
				CB9239EBFC6CD447E573F255 /* Pods.debug.xcconfig */,
				E9FADCC1DE3090A4DE80B2BA /* Pods.release.xcconfig */,
			);
			name = Pods;
			sourceTree = "<group>";
		};
		8B5008F1C8A2B171F86DF3DA /* Frameworks */ = {
			isa = PBXGroup;
			children = (
				29ACA8FC00B1B4A1EAFD6852 /* Pods.framework */,
			);
			name = Frameworks;
			sourceTree = "<group>";
		};
		E662CD8F1B7778D8008DA50C = {
			isa = PBXGroup;
			children = (
				E662CD9A1B7778D8008DA50C /* example03 */,
				E662CDB01B7778D8008DA50C /* example03Tests */,
				E662CD991B7778D8008DA50C /* Products */,
				218E4667487B480769225C63 /* Pods */,
				8B5008F1C8A2B171F86DF3DA /* Frameworks */,
			);
			sourceTree = "<group>";
		};
		E662CD991B7778D8008DA50C /* Products */ = {
			isa = PBXGroup;
			children = (
				E662CD981B7778D8008DA50C /* example03.app */,
				E662CDAD1B7778D8008DA50C /* example03Tests.xctest */,
			);
			name = Products;
			sourceTree = "<group>";
		};
		E662CD9A1B7778D8008DA50C /* example03 */ = {
			isa = PBXGroup;
			children = (
				E662CD9D1B7778D8008DA50C /* AppDelegate.swift */,
				E662CD9F1B7778D8008DA50C /* ViewController.swift */,
				E662CDA11B7778D8008DA50C /* Main.storyboard */,
				E662CDA41B7778D8008DA50C /* Images.xcassets */,
				E662CDA61B7778D8008DA50C /* LaunchScreen.xib */,
				E662CD9B1B7778D8008DA50C /* Supporting Files */,
				E61858AD1B79035200EF0B58 /* AttributedStyle.swift */,
				E61858AF1B7904BC00EF0B58 /* ForeGroundColorStyle.swift */,
				E61858B11B79061300EF0B58 /* FontStyle.swift */,
				E61858B31B7906BA00EF0B58 /* String+AttributeStyle.swift */,
				E6AA14FC1B7991EE009BA573 /* example03-Bridging-Header.h */,
				E6AA15001B7992A6009BA573 /* String+GONMarkupDemo.swift */,
			);
			path = example03;
			sourceTree = "<group>";
		};
		E662CD9B1B7778D8008DA50C /* Supporting Files */ = {
			isa = PBXGroup;
			children = (
				E662CD9C1B7778D8008DA50C /* Info.plist */,
			);
			name = "Supporting Files";
			sourceTree = "<group>";
		};
		E662CDB01B7778D8008DA50C /* example03Tests */ = {
			isa = PBXGroup;
			children = (
				E662CDB31B7778D8008DA50C /* example03Tests.swift */,
				E662CDB11B7778D8008DA50C /* Supporting Files */,
			);
			path = example03Tests;
			sourceTree = "<group>";
		};
		E662CDB11B7778D8008DA50C /* Supporting Files */ = {
			isa = PBXGroup;
			children = (
				E662CDB21B7778D8008DA50C /* Info.plist */,
			);
			name = "Supporting Files";
			sourceTree = "<group>";
		};
/* End PBXGroup section */

/* Begin PBXNativeTarget section */
		E662CD971B7778D8008DA50C /* example03 */ = {
			isa = PBXNativeTarget;
			buildConfigurationList = E662CDB71B7778D8008DA50C /* Build configuration list for PBXNativeTarget "example03" */;
			buildPhases = (
				A2444A608D67D2A37587679D /* Check Pods Manifest.lock */,
				E662CD941B7778D8008DA50C /* Sources */,
				E662CD951B7778D8008DA50C /* Frameworks */,
				E662CD961B7778D8008DA50C /* Resources */,
				C454D054BBC47EFDF2928CA4 /* Embed Pods Frameworks */,
				BDCB90A7349796198BF79F8E /* Copy Pods Resources */,
			);
			buildRules = (
			);
			dependencies = (
			);
			name = example03;
			productName = example03;
			productReference = E662CD981B7778D8008DA50C /* example03.app */;
			productType = "com.apple.product-type.application";
		};
		E662CDAC1B7778D8008DA50C /* example03Tests */ = {
			isa = PBXNativeTarget;
			buildConfigurationList = E662CDBA1B7778D8008DA50C /* Build configuration list for PBXNativeTarget "example03Tests" */;
			buildPhases = (
				E662CDA91B7778D8008DA50C /* Sources */,
				E662CDAA1B7778D8008DA50C /* Frameworks */,
				E662CDAB1B7778D8008DA50C /* Resources */,
			);
			buildRules = (
			);
			dependencies = (
				E662CDAF1B7778D8008DA50C /* PBXTargetDependency */,
			);
			name = example03Tests;
			productName = example03Tests;
			productReference = E662CDAD1B7778D8008DA50C /* example03Tests.xctest */;
			productType = "com.apple.product-type.bundle.unit-test";
		};
/* End PBXNativeTarget section */

/* Begin PBXProject section */
		E662CD901B7778D8008DA50C /* Project object */ = {
			isa = PBXProject;
			attributes = {
				LastUpgradeCheck = 0630;
				ORGANIZATIONNAME = green;
				TargetAttributes = {
					E662CD971B7778D8008DA50C = {
						CreatedOnToolsVersion = 6.3.2;
					};
					E662CDAC1B7778D8008DA50C = {
						CreatedOnToolsVersion = 6.3.2;
						TestTargetID = E662CD971B7778D8008DA50C;
					};
				};
			};
			buildConfigurationList = E662CD931B7778D8008DA50C /* Build configuration list for PBXProject "example03" */;
			compatibilityVersion = "Xcode 3.2";
			developmentRegion = English;
			hasScannedForEncodings = 0;
			knownRegions = (
				en,
				Base,
			);
			mainGroup = E662CD8F1B7778D8008DA50C;
			productRefGroup = E662CD991B7778D8008DA50C /* Products */;
			projectDirPath = "";
			projectRoot = "";
			targets = (
				E662CD971B7778D8008DA50C /* example03 */,
				E662CDAC1B7778D8008DA50C /* example03Tests */,
			);
		};
/* End PBXProject section */

/* Begin PBXResourcesBuildPhase section */
		E662CD961B7778D8008DA50C /* Resources */ = {
			isa = PBXResourcesBuildPhase;
			buildActionMask = 2147483647;
			files = (
				E662CDA31B7778D8008DA50C /* Main.storyboard in Resources */,
				E662CDA81B7778D8008DA50C /* LaunchScreen.xib in Resources */,
				E662CDA51B7778D8008DA50C /* Images.xcassets in Resources */,
			);
			runOnlyForDeploymentPostprocessing = 0;
		};
		E662CDAB1B7778D8008DA50C /* Resources */ = {
			isa = PBXResourcesBuildPhase;
			buildActionMask = 2147483647;
			files = (
			);
			runOnlyForDeploymentPostprocessing = 0;
		};
/* End PBXResourcesBuildPhase section */

/* Begin PBXShellScriptBuildPhase section */
		A2444A608D67D2A37587679D /* Check Pods Manifest.lock */ = {
			isa = PBXShellScriptBuildPhase;
			buildActionMask = 2147483647;
			files = (
			);
			inputPaths = (
			);
			name = "Check Pods Manifest.lock";
			outputPaths = (
			);
			runOnlyForDeploymentPostprocessing = 0;
			shellPath = /bin/sh;
			shellScript = "diff \"${PODS_ROOT}/../Podfile.lock\" \"${PODS_ROOT}/Manifest.lock\" > /dev/null\nif [[ $? != 0 ]] ; then\n    cat << EOM\nerror: The sandbox is not in sync with the Podfile.lock. Run 'pod install' or update your CocoaPods installation.\nEOM\n    exit 1\nfi\n";
			showEnvVarsInLog = 0;
		};
		BDCB90A7349796198BF79F8E /* Copy Pods Resources */ = {
			isa = PBXShellScriptBuildPhase;
			buildActionMask = 2147483647;
			files = (
			);
			inputPaths = (
			);
			name = "Copy Pods Resources";
			outputPaths = (
			);
			runOnlyForDeploymentPostprocessing = 0;
			shellPath = /bin/sh;
			shellScript = "\"${SRCROOT}/Pods/Target Support Files/Pods/Pods-resources.sh\"\n";
			showEnvVarsInLog = 0;
		};
		C454D054BBC47EFDF2928CA4 /* Embed Pods Frameworks */ = {
			isa = PBXShellScriptBuildPhase;
			buildActionMask = 2147483647;
			files = (
			);
			inputPaths = (
			);
			name = "Embed Pods Frameworks";
			outputPaths = (
			);
			runOnlyForDeploymentPostprocessing = 0;
			shellPath = /bin/sh;
			shellScript = "\"${SRCROOT}/Pods/Target Support Files/Pods/Pods-frameworks.sh\"\n";
			showEnvVarsInLog = 0;
		};
/* End PBXShellScriptBuildPhase section */

/* Begin PBXSourcesBuildPhase section */
		E662CD941B7778D8008DA50C /* Sources */ = {
			isa = PBXSourcesBuildPhase;
			buildActionMask = 2147483647;
			files = (
				E61858B01B7904BC00EF0B58 /* ForeGroundColorStyle.swift in Sources */,
				E61858AE1B79035200EF0B58 /* AttributedStyle.swift in Sources */,
				E61858B41B7906BA00EF0B58 /* String+AttributeStyle.swift in Sources */,
				E662CDA01B7778D8008DA50C /* ViewController.swift in Sources */,
				E6AA15011B7992A6009BA573 /* String+GONMarkupDemo.swift in Sources */,
				E662CD9E1B7778D8008DA50C /* AppDelegate.swift in Sources */,
				E61858B21B79061300EF0B58 /* FontStyle.swift in Sources */,
			);
			runOnlyForDeploymentPostprocessing = 0;
		};
		E662CDA91B7778D8008DA50C /* Sources */ = {
			isa = PBXSourcesBuildPhase;
			buildActionMask = 2147483647;
			files = (
				E662CDB41B7778D8008DA50C /* example03Tests.swift in Sources */,
			);
			runOnlyForDeploymentPostprocessing = 0;
		};
/* End PBXSourcesBuildPhase section */

/* Begin PBXTargetDependency section */
		E662CDAF1B7778D8008DA50C /* PBXTargetDependency */ = {
			isa = PBXTargetDependency;
			target = E662CD971B7778D8008DA50C /* example03 */;
			targetProxy = E662CDAE1B7778D8008DA50C /* PBXContainerItemProxy */;
		};
/* End PBXTargetDependency section */

/* Begin PBXVariantGroup section */
		E662CDA11B7778D8008DA50C /* Main.storyboard */ = {
			isa = PBXVariantGroup;
			children = (
				E662CDA21B7778D8008DA50C /* Base */,
			);
			name = Main.storyboard;
			sourceTree = "<group>";
		};
		E662CDA61B7778D8008DA50C /* LaunchScreen.xib */ = {
			isa = PBXVariantGroup;
			children = (
				E662CDA71B7778D8008DA50C /* Base */,
			);
			name = LaunchScreen.xib;
			sourceTree = "<group>";
		};
/* End PBXVariantGroup section */

/* Begin XCBuildConfiguration section */
		E662CDB51B7778D8008DA50C /* Debug */ = {
			isa = XCBuildConfiguration;
			buildSettings = {
				ALWAYS_SEARCH_USER_PATHS = NO;
				CLANG_CXX_LANGUAGE_STANDARD = "gnu++0x";
				CLANG_CXX_LIBRARY = "libc++";
				CLANG_ENABLE_MODULES = YES;
				CLANG_ENABLE_OBJC_ARC = YES;
				CLANG_WARN_BOOL_CONVERSION = YES;
				CLANG_WARN_CONSTANT_CONVERSION = YES;
				CLANG_WARN_DIRECT_OBJC_ISA_USAGE = YES_ERROR;
				CLANG_WARN_EMPTY_BODY = YES;
				CLANG_WARN_ENUM_CONVERSION = YES;
				CLANG_WARN_INT_CONVERSION = YES;
				CLANG_WARN_OBJC_ROOT_CLASS = YES_ERROR;
				CLANG_WARN_UNREACHABLE_CODE = YES;
				CLANG_WARN__DUPLICATE_METHOD_MATCH = YES;
				"CODE_SIGN_IDENTITY[sdk=iphoneos*]" = "iPhone Developer";
				COPY_PHASE_STRIP = NO;
				DEBUG_INFORMATION_FORMAT = "dwarf-with-dsym";
				ENABLE_STRICT_OBJC_MSGSEND = YES;
				GCC_C_LANGUAGE_STANDARD = gnu99;
				GCC_DYNAMIC_NO_PIC = NO;
				GCC_NO_COMMON_BLOCKS = YES;
				GCC_OPTIMIZATION_LEVEL = 0;
				GCC_PREPROCESSOR_DEFINITIONS = (
					"DEBUG=1",
					"$(inherited)",
				);
				GCC_SYMBOLS_PRIVATE_EXTERN = NO;
				GCC_WARN_64_TO_32_BIT_CONVERSION = YES;
				GCC_WARN_ABOUT_RETURN_TYPE = YES_ERROR;
				GCC_WARN_UNDECLARED_SELECTOR = YES;
				GCC_WARN_UNINITIALIZED_AUTOS = YES_AGGRESSIVE;
				GCC_WARN_UNUSED_FUNCTION = YES;
				GCC_WARN_UNUSED_VARIABLE = YES;
				IPHONEOS_DEPLOYMENT_TARGET = 8.3;
				MTL_ENABLE_DEBUG_INFO = YES;
				ONLY_ACTIVE_ARCH = YES;
				SDKROOT = iphoneos;
				SWIFT_OPTIMIZATION_LEVEL = "-Onone";
				TARGETED_DEVICE_FAMILY = "1,2";
			};
			name = Debug;
		};
		E662CDB61B7778D8008DA50C /* Release */ = {
			isa = XCBuildConfiguration;
			buildSettings = {
				ALWAYS_SEARCH_USER_PATHS = NO;
				CLANG_CXX_LANGUAGE_STANDARD = "gnu++0x";
				CLANG_CXX_LIBRARY = "libc++";
				CLANG_ENABLE_MODULES = YES;
				CLANG_ENABLE_OBJC_ARC = YES;
				CLANG_WARN_BOOL_CONVERSION = YES;
				CLANG_WARN_CONSTANT_CONVERSION = YES;
				CLANG_WARN_DIRECT_OBJC_ISA_USAGE = YES_ERROR;
				CLANG_WARN_EMPTY_BODY = YES;
				CLANG_WARN_ENUM_CONVERSION = YES;
				CLANG_WARN_INT_CONVERSION = YES;
				CLANG_WARN_OBJC_ROOT_CLASS = YES_ERROR;
				CLANG_WARN_UNREACHABLE_CODE = YES;
				CLANG_WARN__DUPLICATE_METHOD_MATCH = YES;
				"CODE_SIGN_IDENTITY[sdk=iphoneos*]" = "iPhone Developer";
				COPY_PHASE_STRIP = NO;
				DEBUG_INFORMATION_FORMAT = "dwarf-with-dsym";
				ENABLE_NS_ASSERTIONS = NO;
				ENABLE_STRICT_OBJC_MSGSEND = YES;
				GCC_C_LANGUAGE_STANDARD = gnu99;
				GCC_NO_COMMON_BLOCKS = YES;
				GCC_WARN_64_TO_32_BIT_CONVERSION = YES;
				GCC_WARN_ABOUT_RETURN_TYPE = YES_ERROR;
				GCC_WARN_UNDECLARED_SELECTOR = YES;
				GCC_WARN_UNINITIALIZED_AUTOS = YES_AGGRESSIVE;
				GCC_WARN_UNUSED_FUNCTION = YES;
				GCC_WARN_UNUSED_VARIABLE = YES;
				IPHONEOS_DEPLOYMENT_TARGET = 8.3;
				MTL_ENABLE_DEBUG_INFO = NO;
				SDKROOT = iphoneos;
				TARGETED_DEVICE_FAMILY = "1,2";
				VALIDATE_PRODUCT = YES;
			};
			name = Release;
		};
		E662CDB81B7778D8008DA50C /* Debug */ = {
			isa = XCBuildConfiguration;
			baseConfigurationReference = CB9239EBFC6CD447E573F255 /* Pods.debug.xcconfig */;
			buildSettings = {
				ASSETCATALOG_COMPILER_APPICON_NAME = AppIcon;
				CLANG_ENABLE_MODULES = YES;
				INFOPLIST_FILE = example03/Info.plist;
				LD_RUNPATH_SEARCH_PATHS = "$(inherited) @executable_path/Frameworks";
				PRODUCT_NAME = "$(TARGET_NAME)";
				SWIFT_OBJC_BRIDGING_HEADER = "example03/example03-Bridging-Header.h";
				SWIFT_OPTIMIZATION_LEVEL = "-Onone";
			};
			name = Debug;
		};
		E662CDB91B7778D8008DA50C /* Release */ = {
			isa = XCBuildConfiguration;
			baseConfigurationReference = E9FADCC1DE3090A4DE80B2BA /* Pods.release.xcconfig */;
			buildSettings = {
				ASSETCATALOG_COMPILER_APPICON_NAME = AppIcon;
				CLANG_ENABLE_MODULES = YES;
				INFOPLIST_FILE = example03/Info.plist;
				LD_RUNPATH_SEARCH_PATHS = "$(inherited) @executable_path/Frameworks";
				PRODUCT_NAME = "$(TARGET_NAME)";
				SWIFT_OBJC_BRIDGING_HEADER = "example03/example03-Bridging-Header.h";
			};
			name = Release;
		};
		E662CDBB1B7778D8008DA50C /* Debug */ = {
			isa = XCBuildConfiguration;
			buildSettings = {
				BUNDLE_LOADER = "$(TEST_HOST)";
				FRAMEWORK_SEARCH_PATHS = (
					"$(SDKROOT)/Developer/Library/Frameworks",
					"$(inherited)",
				);
				GCC_PREPROCESSOR_DEFINITIONS = (
					"DEBUG=1",
					"$(inherited)",
				);
				INFOPLIST_FILE = example03Tests/Info.plist;
				LD_RUNPATH_SEARCH_PATHS = "$(inherited) @executable_path/Frameworks @loader_path/Frameworks";
				PRODUCT_NAME = "$(TARGET_NAME)";
				TEST_HOST = "$(BUILT_PRODUCTS_DIR)/example03.app/example03";
			};
			name = Debug;
		};
		E662CDBC1B7778D8008DA50C /* Release */ = {
			isa = XCBuildConfiguration;
			buildSettings = {
				BUNDLE_LOADER = "$(TEST_HOST)";
				FRAMEWORK_SEARCH_PATHS = (
					"$(SDKROOT)/Developer/Library/Frameworks",
					"$(inherited)",
				);
				INFOPLIST_FILE = example03Tests/Info.plist;
				LD_RUNPATH_SEARCH_PATHS = "$(inherited) @executable_path/Frameworks @loader_path/Frameworks";
				PRODUCT_NAME = "$(TARGET_NAME)";
				TEST_HOST = "$(BUILT_PRODUCTS_DIR)/example03.app/example03";
			};
			name = Release;
		};
/* End XCBuildConfiguration section */

/* Begin XCConfigurationList section */
		E662CD931B7778D8008DA50C /* Build configuration list for PBXProject "example03" */ = {
			isa = XCConfigurationList;
			buildConfigurations = (
				E662CDB51B7778D8008DA50C /* Debug */,
				E662CDB61B7778D8008DA50C /* Release */,
			);
			defaultConfigurationIsVisible = 0;
			defaultConfigurationName = Release;
		};
		E662CDB71B7778D8008DA50C /* Build configuration list for PBXNativeTarget "example03" */ = {
			isa = XCConfigurationList;
			buildConfigurations = (
				E662CDB81B7778D8008DA50C /* Debug */,
				E662CDB91B7778D8008DA50C /* Release */,
			);
			defaultConfigurationIsVisible = 0;
			defaultConfigurationName = Release;
		};
		E662CDBA1B7778D8008DA50C /* Build configuration list for PBXNativeTarget "example03Tests" */ = {
			isa = XCConfigurationList;
			buildConfigurations = (
				E662CDBB1B7778D8008DA50C /* Debug */,
				E662CDBC1B7778D8008DA50C /* Release */,
			);
			defaultConfigurationIsVisible = 0;
			defaultConfigurationName = Release;
		};
/* End XCConfigurationList section */
	};
	rootObject = E662CD901B7778D8008DA50C /* Project object */;
}
